
Microsoft Visual Studio Solution File, Format Version 12.00
# Visual Studio Version 18
VisualStudioVersion = 18.5.11723.231 stable
MinimumVisualStudioVersion = 10.0.40219.1
Project("{FAE04EC0-301F-11D3-BF4B-00C04F79EFBC}") = "Baltec", "Baltec.csproj", "{766BF5B8-2A1A-A03D-9BDB-00895026599B}"
EndProject
Global
	GlobalSection(SolutionConfigurationPlatforms) = preSolution
		Debug|Any CPU = Debug|Any CPU
		Release|Any CPU = Release|Any CPU
	EndGlobalSection
	GlobalSection(ProjectConfigurationPlatforms) = postSolution
		{766BF5B8-2A1A-A03D-9BDB-00895026599B}.Debug|Any CPU.ActiveCfg = Debug|Any CPU
		{766BF5B8-2A1A-A03D-9BDB-00895026599B}.Debug|Any CPU.Build.0 = Debug|Any CPU
		{766BF5B8-2A1A-A03D-9BDB-00895026599B}.Release|Any CPU.ActiveCfg = Release|Any CPU
		{766BF5B8-2A1A-A03D-9BDB-00895026599B}.Release|Any CPU.Build.0 = Release|Any CPU
	EndGlobalSection
	GlobalSection(SolutionProperties) = preSolution
		HideSolutionNode = FALSE
	EndGlobalSection
	GlobalSection(ExtensibilityGlobals) = postSolution
		SolutionGuid = {ACCA4A98-45A0-4A62-94B8-D69BBAC8A702}
	EndGlobalSection
EndGlobal
